
Microsoft Visual Studio Solution File, Format Version 11.00
# Visual C++ Express 2010
Project("{8BC9CEB8-8B4A-11D0-8D11-00A0C91BC942}") = "Towei Of Hanoi", "Towei Of Hanoi\Towei Of Hanoi.vcxproj", "{675F89AC-79A6-45E4-BEA6-2D0969B7936E}"
EndProject
Global
	GlobalSection(SolutionConfigurationPlatforms) = preSolution
		Debug|Win32 = Debug|Win32
		Release|Win32 = Release|Win32
	EndGlobalSection
	GlobalSection(ProjectConfigurationPlatforms) = postSolution
		{675F89AC-79A6-45E4-BEA6-2D0969B7936E}.Debug|Win32.ActiveCfg = Debug|Win32
		{675F89AC-79A6-45E4-BEA6-2D0969B7936E}.Debug|Win32.Build.0 = Debug|Win32
		{675F89AC-79A6-45E4-BEA6-2D0969B7936E}.Release|Win32.ActiveCfg = Release|Win32
		{675F89AC-79A6-45E4-BEA6-2D0969B7936E}.Release|Win32.Build.0 = Release|Win32
	EndGlobalSection
	GlobalSection(SolutionProperties) = preSolution
		HideSolutionNode = FALSE
	EndGlobalSection
EndGlobal
